
Microsoft Visual Studio Solution File, Format Version 12.00
# Visual Studio Version 17
VisualStudioVersion = 17.4.33205.214
MinimumVisualStudioVersion = 10.0.40219.1
Project("{FAE04EC0-301F-11D3-BF4B-00C04F79EFBC}") = "UserMgr.WebAPI", "UserMgr.WebAPI\UserMgr.WebAPI.csproj", "{A3C881F7-6C87-4D90-BEEA-AB3D3F4AAFD9}"
EndProject
Project("{FAE04EC0-301F-11D3-BF4B-00C04F79EFBC}") = "UserMgr.Domain", "UserMgr.Domain\UserMgr.Domain.csproj", "{70B6218C-DC1F-4063-AFE5-4147422C0F4D}"
EndProject
Project("{FAE04EC0-301F-11D3-BF4B-00C04F79EFBC}") = "UserMgr.Infrastracture", "UserMgr.Infrastracture\UserMgr.Infrastracture.csproj", "{8C5FAEB5-864A-4E5F-82F6-D79AC4A5DA60}"
EndProject
Global
	GlobalSection(SolutionConfigurationPlatforms) = preSolution
		Debug|Any CPU = Debug|Any CPU
		Release|Any CPU = Release|Any CPU
	EndGlobalSection
	GlobalSection(ProjectConfigurationPlatforms) = postSolution
		{A3C881F7-6C87-4D90-BEEA-AB3D3F4AAFD9}.Debug|Any CPU.ActiveCfg = Debug|Any CPU
		{A3C881F7-6C87-4D90-BEEA-AB3D3F4AAFD9}.Debug|Any CPU.Build.0 = Debug|Any CPU
		{A3C881F7-6C87-4D90-BEEA-AB3D3F4AAFD9}.Release|Any CPU.ActiveCfg = Release|Any CPU
		{A3C881F7-6C87-4D90-BEEA-AB3D3F4AAFD9}.Release|Any CPU.Build.0 = Release|Any CPU
		{70B6218C-DC1F-4063-AFE5-4147422C0F4D}.Debug|Any CPU.ActiveCfg = Debug|Any CPU
		{70B6218C-DC1F-4063-AFE5-4147422C0F4D}.Debug|Any CPU.Build.0 = Debug|Any CPU
		{70B6218C-DC1F-4063-AFE5-4147422C0F4D}.Release|Any CPU.ActiveCfg = Release|Any CPU
		{70B6218C-DC1F-4063-AFE5-4147422C0F4D}.Release|Any CPU.Build.0 = Release|Any CPU
		{8C5FAEB5-864A-4E5F-82F6-D79AC4A5DA60}.Debug|Any CPU.ActiveCfg = Debug|Any CPU
		{8C5FAEB5-864A-4E5F-82F6-D79AC4A5DA60}.Debug|Any CPU.Build.0 = Debug|Any CPU
		{8C5FAEB5-864A-4E5F-82F6-D79AC4A5DA60}.Release|Any CPU.ActiveCfg = Release|Any CPU
		{8C5FAEB5-864A-4E5F-82F6-D79AC4A5DA60}.Release|Any CPU.Build.0 = Release|Any CPU
	EndGlobalSection
	GlobalSection(SolutionProperties) = preSolution
		HideSolutionNode = FALSE
	EndGlobalSection
	GlobalSection(ExtensibilityGlobals) = postSolution
		SolutionGuid = {273EA3B8-BE99-4528-BFF2-BE050CCE3035}
	EndGlobalSection
EndGlobal
